github.com/elastic/go-elasticsearch v0.0.0 h1:Pd5fqOuBxKxv83b0+xOAJDAkziWYwFinWnBO0y+TZaA=
github.com/elastic/go-elasticsearch/v8 v8.0.0-20201104130540-2e1f801663c6 h1:uCGWBmQ1KXirA0E3+6g9i/hqfHOG6Wl+QVrJEUGvfQc=
github.com/elastic/go-elasticsearch/v8 v8.0.0-20201104130540-2e1f801663c6/go.mod h1:xe9a/L2aeOgFKKgrO3ibQTnMdpAeL0GC+5/HpGScSa4=
